
Microsoft Visual Studio Solution File, Format Version 12.00
# Visual Studio Version 17
VisualStudioVersion = 17.9.34728.123
MinimumVisualStudioVersion = 10.0.40219.1
Project("{9A19103F-16F7-4668-BE54-9A1E7A4F7556}") = "RCi.ErrorAsValue", "RCi.ErrorAsValue\RCi.ErrorAsValue.csproj", "{83E02278-E166-4C31-AC9E-CE38C525D15C}"
EndProject
Project("{FAE04EC0-301F-11D3-BF4B-00C04F79EFBC}") = "RCi.ErrorAsValue.Tests", "RCi.ErrorAsValue.Tests\RCi.ErrorAsValue.Tests.csproj", "{707CEA42-6549-44EF-AD94-33B77E4C539D}"
EndProject
Global
	GlobalSection(SolutionConfigurationPlatforms) = preSolution
		Debug|Any CPU = Debug|Any CPU
		Release|Any CPU = Release|Any CPU
	EndGlobalSection
	GlobalSection(ProjectConfigurationPlatforms) = postSolution
		{83E02278-E166-4C31-AC9E-CE38C525D15C}.Debug|Any CPU.ActiveCfg = Debug|Any CPU
		{83E02278-E166-4C31-AC9E-CE38C525D15C}.Debug|Any CPU.Build.0 = Debug|Any CPU
		{83E02278-E166-4C31-AC9E-CE38C525D15C}.Release|Any CPU.ActiveCfg = Release|Any CPU
		{83E02278-E166-4C31-AC9E-CE38C525D15C}.Release|Any CPU.Build.0 = Release|Any CPU
		{707CEA42-6549-44EF-AD94-33B77E4C539D}.Debug|Any CPU.ActiveCfg = Debug|Any CPU
		{707CEA42-6549-44EF-AD94-33B77E4C539D}.Debug|Any CPU.Build.0 = Debug|Any CPU
		{707CEA42-6549-44EF-AD94-33B77E4C539D}.Release|Any CPU.ActiveCfg = Release|Any CPU
		{707CEA42-6549-44EF-AD94-33B77E4C539D}.Release|Any CPU.Build.0 = Release|Any CPU
	EndGlobalSection
	GlobalSection(SolutionProperties) = preSolution
		HideSolutionNode = FALSE
	EndGlobalSection
	GlobalSection(ExtensibilityGlobals) = postSolution
		SolutionGuid = {676EF680-2FDC-4E3E-8DB2-83F750A9D19D}
	EndGlobalSection
EndGlobal
